
Microsoft Visual Studio Solution File, Format Version 12.00
# Visual Studio Version 16
VisualStudioVersion = 16.0.31410.357
MinimumVisualStudioVersion = 10.0.40219.1
Project("{00D1A9C2-B5F0-4AF3-8072-F6C62B433612}") = "PortalDatabase", "PortalDatabase\PortalDatabase.sqlproj", "{D601BAEB-BBFB-48D2-8B05-CA052795E92D}"
EndProject
Global
	GlobalSection(SolutionConfigurationPlatforms) = preSolution
		Debug|Any CPU = Debug|Any CPU
		Release|Any CPU = Release|Any CPU
	EndGlobalSection
	GlobalSection(ProjectConfigurationPlatforms) = postSolution
		{D601BAEB-BBFB-48D2-8B05-CA052795E92D}.Debug|Any CPU.ActiveCfg = Debug|Any CPU
		{D601BAEB-BBFB-48D2-8B05-CA052795E92D}.Debug|Any CPU.Build.0 = Debug|Any CPU
		{D601BAEB-BBFB-48D2-8B05-CA052795E92D}.Debug|Any CPU.Deploy.0 = Debug|Any CPU
		{D601BAEB-BBFB-48D2-8B05-CA052795E92D}.Release|Any CPU.ActiveCfg = Release|Any CPU
		{D601BAEB-BBFB-48D2-8B05-CA052795E92D}.Release|Any CPU.Build.0 = Release|Any CPU
		{D601BAEB-BBFB-48D2-8B05-CA052795E92D}.Release|Any CPU.Deploy.0 = Release|Any CPU
	EndGlobalSection
	GlobalSection(SolutionProperties) = preSolution
		HideSolutionNode = FALSE
	EndGlobalSection
	GlobalSection(ExtensibilityGlobals) = postSolution
		SolutionGuid = {2ADB2402-CBDF-40D4-B6C2-DEBB89552EC7}
	EndGlobalSection
EndGlobal
